// !$*UTF8*$!
{
	archiveVersion = 1;
	classes = {
	};
	objectVersion = 77;
	objects = {

/* Begin PBXBuildFile section */
		13DCDEE78255515A7FCE2A5B /* MSAL in Frameworks */ = {isa = PBXBuildFile; productRef = C3230F2228F4DBCC175B8B36 /* MSAL */; };
		5ACCC513CFDF1DE4C9A976AD /* WorkshopApp.swift in Sources */ = {isa = PBXBuildFile; fileRef = A2A37C6D7B4598883F3DC685 /* WorkshopApp.swift */; };
		8A7CE8C45F6193AF2ACA8305 /* Assets.xcassets in Resources */ = {isa = PBXBuildFile; fileRef = B88A2F381FC79622473BFD0A /* Assets.xcassets */; };
		EF161E56D1B890179046E82B /* NintekKit in Frameworks */ = {isa = PBXBuildFile; productRef = 8CA77F591CC948B68AD9F1B1 /* NintekKit */; };
/* End PBXBuildFile section */

/* Begin PBXFileReference section */
		64F4CB70E3C122071AD83DA2 /* NintekKit */ = {isa = PBXFileReference; lastKnownFileType = folder; name = NintekKit; path = ../NintekKit; sourceTree = SOURCE_ROOT; };
		70402D41911248F2517937B6 /* Workshop.app */ = {isa = PBXFileReference; includeInIndex = 0; lastKnownFileType = wrapper.application; path = Workshop.app; sourceTree = BUILT_PRODUCTS_DIR; };
		A2A37C6D7B4598883F3DC685 /* WorkshopApp.swift */ = {isa = PBXFileReference; lastKnownFileType = sourcecode.swift; path = WorkshopApp.swift; sourceTree = "<group>"; };
		B88A2F381FC79622473BFD0A /* Assets.xcassets */ = {isa = PBXFileReference; lastKnownFileType = folder.assetcatalog; path = Assets.xcassets; sourceTree = "<group>"; };
/* End PBXFileReference section */

/* Begin PBXFrameworksBuildPhase section */
		2E9D4774418890D29043D976 /* Frameworks */ = {
			isa = PBXFrameworksBuildPhase;
			buildActionMask = 2147483647;
			files = (
				EF161E56D1B890179046E82B /* NintekKit in Frameworks */,
				13DCDEE78255515A7FCE2A5B /* MSAL in Frameworks */,
			);
			runOnlyForDeploymentPostprocessing = 0;
		};
/* End PBXFrameworksBuildPhase section */

/* Begin PBXGroup section */
		3AC753152814A0D5C0CDB1B1 = {
			isa = PBXGroup;
			children = (
				D7414950DCE8EE8D5F614E7C /* Packages */,
				839868694421DF70652EA9D8 /* Workshop */,
				8ABB469673BA690888B8AAE7 /* Products */,
			);
			sourceTree = "<group>";
		};
		561B189BBCAAA42DF570F2D6 /* App */ = {
			isa = PBXGroup;
			children = (
				A2A37C6D7B4598883F3DC685 /* WorkshopApp.swift */,
			);
			path = App;
			sourceTree = "<group>";
		};
		839868694421DF70652EA9D8 /* Workshop */ = {
			isa = PBXGroup;
			children = (
				B88A2F381FC79622473BFD0A /* Assets.xcassets */,
				561B189BBCAAA42DF570F2D6 /* App */,
			);
			path = Workshop;
			sourceTree = "<group>";
		};
		8ABB469673BA690888B8AAE7 /* Products */ = {
			isa = PBXGroup;
			children = (
				70402D41911248F2517937B6 /* Workshop.app */,
			);
			name = Products;
			sourceTree = "<group>";
		};
		D7414950DCE8EE8D5F614E7C /* Packages */ = {
			isa = PBXGroup;
			children = (
				64F4CB70E3C122071AD83DA2 /* NintekKit */,
			);
			name = Packages;
			sourceTree = "<group>";
		};
/* End PBXGroup section */

/* Begin PBXNativeTarget section */
		E0B3DC7823DC125C7DA3B73C /* Workshop */ = {
			isa = PBXNativeTarget;
			buildConfigurationList = 0057FB1EBFEE1F3DC86B7D14 /* Build configuration list for PBXNativeTarget "Workshop" */;
			buildPhases = (
				EA138948E1FE803070697A30 /* Sources */,
				C5E466DEB77C3B8DEAD9E05A /* Resources */,
				2E9D4774418890D29043D976 /* Frameworks */,
			);
			buildRules = (
			);
			dependencies = (
			);
			name = Workshop;
			packageProductDependencies = (
				8CA77F591CC948B68AD9F1B1 /* NintekKit */,
				C3230F2228F4DBCC175B8B36 /* MSAL */,
			);
			productName = Workshop;
			productReference = 70402D41911248F2517937B6 /* Workshop.app */;
			productType = "com.apple.product-type.application";
		};
/* End PBXNativeTarget section */

/* Begin PBXProject section */
		D9218788749F82EBA97C0A42 /* Project object */ = {
			isa = PBXProject;
			attributes = {
				BuildIndependentTargetsInParallel = YES;
				LastUpgradeCheck = 1430;
				TargetAttributes = {
					E0B3DC7823DC125C7DA3B73C = {
						DevelopmentTeam = 3KB968X34U;
						ProvisioningStyle = Automatic;
					};
				};
			};
			buildConfigurationList = A29D20FD085E86C647B17349 /* Build configuration list for PBXProject "Workshop" */;
			developmentRegion = en;
			hasScannedForEncodings = 0;
			knownRegions = (
				Base,
				en,
			);
			mainGroup = 3AC753152814A0D5C0CDB1B1;
			minimizedProjectReferenceProxies = 1;
			packageReferences = (
				39372E0BA146F5E41F2C10F0 /* XCRemoteSwiftPackageReference "microsoft-authentication-library-for-objc" */,
				801627758FB9BBC41B0894D1 /* XCLocalSwiftPackageReference "../NintekKit" */,
			);
			preferredProjectObjectVersion = 77;
			productRefGroup = 8ABB469673BA690888B8AAE7 /* Products */;
			projectDirPath = "";
			projectRoot = "";
			targets = (
				E0B3DC7823DC125C7DA3B73C /* Workshop */,
			);
		};
/* End PBXProject section */

/* Begin PBXResourcesBuildPhase section */
		C5E466DEB77C3B8DEAD9E05A /* Resources */ = {
			isa = PBXResourcesBuildPhase;
			buildActionMask = 2147483647;
			files = (
				8A7CE8C45F6193AF2ACA8305 /* Assets.xcassets in Resources */,
			);
			runOnlyForDeploymentPostprocessing = 0;
		};
/* End PBXResourcesBuildPhase section */

/* Begin PBXSourcesBuildPhase section */
		EA138948E1FE803070697A30 /* Sources */ = {
			isa = PBXSourcesBuildPhase;
			buildActionMask = 2147483647;
			files = (
				5ACCC513CFDF1DE4C9A976AD /* WorkshopApp.swift in Sources */,
			);
			runOnlyForDeploymentPostprocessing = 0;
		};
/* End PBXSourcesBuildPhase section */

/* Begin XCBuildConfiguration section */
		07E454EAB594A5729A922873 /* Debug */ = {
			isa = XCBuildConfiguration;
			buildSettings = {
				ASSETCATALOG_COMPILER_APPICON_NAME = AppIcon;
				CODE_SIGN_ENTITLEMENTS = Workshop/Workshop.entitlements;
				CODE_SIGN_IDENTITY = "iPhone Developer";
				CODE_SIGN_STYLE = Automatic;
				CURRENT_PROJECT_VERSION = 4;
				DEVELOPMENT_TEAM = 3KB968X34U;
				INFOPLIST_FILE = Workshop/Info.plist;
				IPHONEOS_DEPLOYMENT_TARGET = 17.0;
				LD_RUNPATH_SEARCH_PATHS = (
					"$(inherited)",
					"@executable_path/Frameworks",
				);
				MARKETING_VERSION = 0.1.0;
				PRODUCT_BUNDLE_IDENTIFIER = com.nintek.workshop;
				PRODUCT_NAME = Workshop;
				SDKROOT = iphoneos;
				SWIFT_VERSION = 6.0;
				TARGETED_DEVICE_FAMILY = "1,2";
			};
			name = Debug;
		};
		6C1D9147164661BF4A9ADA38 /* Debug */ = {
			isa = XCBuildConfiguration;
			buildSettings = {
				ALWAYS_SEARCH_USER_PATHS = NO;
				CLANG_ANALYZER_NONNULL = YES;
				CLANG_ANALYZER_NUMBER_OBJECT_CONVERSION = YES_AGGRESSIVE;
				CLANG_CXX_LANGUAGE_STANDARD = "gnu++14";
				CLANG_CXX_LIBRARY = "libc++";
				CLANG_ENABLE_MODULES = YES;
				CLANG_ENABLE_OBJC_ARC = YES;
				CLANG_ENABLE_OBJC_WEAK = YES;
				CLANG_WARN_BLOCK_CAPTURE_AUTORELEASING = YES;
				CLANG_WARN_BOOL_CONVERSION = YES;
				CLANG_WARN_COMMA = YES;
				CLANG_WARN_CONSTANT_CONVERSION = YES;
				CLANG_WARN_DEPRECATED_OBJC_IMPLEMENTATIONS = YES;
				CLANG_WARN_DIRECT_OBJC_ISA_USAGE = YES_ERROR;
				CLANG_WARN_DOCUMENTATION_COMMENTS = YES;
				CLANG_WARN_EMPTY_BODY = YES;
				CLANG_WARN_ENUM_CONVERSION = YES;
				CLANG_WARN_INFINITE_RECURSION = YES;
				CLANG_WARN_INT_CONVERSION = YES;
				CLANG_WARN_NON_LITERAL_NULL_CONVERSION = YES;
				CLANG_WARN_OBJC_IMPLICIT_RETAIN_SELF = YES;
				CLANG_WARN_OBJC_LITERAL_CONVERSION = YES;
				CLANG_WARN_OBJC_ROOT_CLASS = YES_ERROR;
				CLANG_WARN_QUOTED_INCLUDE_IN_FRAMEWORK_HEADER = YES;
				CLANG_WARN_RANGE_LOOP_ANALYSIS = YES;
				CLANG_WARN_STRICT_PROTOTYPES = YES;
				CLANG_WARN_SUSPICIOUS_MOVE = YES;
				CLANG_WARN_UNGUARDED_AVAILABILITY = YES_AGGRESSIVE;
				CLANG_WARN_UNREACHABLE_CODE = YES;
				CLANG_WARN__DUPLICATE_METHOD_MATCH = YES;
				COPY_PHASE_STRIP = NO;
				DEBUG_INFORMATION_FORMAT = dwarf;
				ENABLE_STRICT_OBJC_MSGSEND = YES;
				ENABLE_TESTABILITY = YES;
				GCC_C_LANGUAGE_STANDARD = gnu11;
				GCC_DYNAMIC_NO_PIC = NO;
				GCC_NO_COMMON_BLOCKS = YES;
				GCC_OPTIMIZATION_LEVEL = 0;
				GCC_PREPROCESSOR_DEFINITIONS = (
					"$(inherited)",
					"DEBUG=1",
				);
				GCC_WARN_64_TO_32_BIT_CONVERSION = YES;
				GCC_WARN_ABOUT_RETURN_TYPE = YES_ERROR;
				GCC_WARN_UNDECLARED_SELECTOR = YES;
				GCC_WARN_UNINITIALIZED_AUTOS = YES_AGGRESSIVE;
				GCC_WARN_UNUSED_FUNCTION = YES;
				GCC_WARN_UNUSED_VARIABLE = YES;
				IPHONEOS_DEPLOYMENT_TARGET = 17.0;
				MTL_ENABLE_DEBUG_INFO = INCLUDE_SOURCE;
				MTL_FAST_MATH = YES;
				ONLY_ACTIVE_ARCH = YES;
				PRODUCT_NAME = "$(TARGET_NAME)";
				SDKROOT = iphoneos;
				SWIFT_ACTIVE_COMPILATION_CONDITIONS = DEBUG;
				SWIFT_OPTIMIZATION_LEVEL = "-Onone";
				SWIFT_VERSION = 5.0;
			};
			name = Debug;
		};
		CC8D7D1EE55D8D25502FFB1B /* Release */ = {
			isa = XCBuildConfiguration;
			buildSettings = {
				ASSETCATALOG_COMPILER_APPICON_NAME = AppIcon;
				CODE_SIGN_ENTITLEMENTS = Workshop/Workshop.entitlements;
				CODE_SIGN_IDENTITY = "iPhone Developer";
				CODE_SIGN_STYLE = Automatic;
				CURRENT_PROJECT_VERSION = 4;
				DEVELOPMENT_TEAM = 3KB968X34U;
				INFOPLIST_FILE = Workshop/Info.plist;
				IPHONEOS_DEPLOYMENT_TARGET = 17.0;
				LD_RUNPATH_SEARCH_PATHS = (
					"$(inherited)",
					"@executable_path/Frameworks",
				);
				MARKETING_VERSION = 0.1.0;
				PRODUCT_BUNDLE_IDENTIFIER = com.nintek.workshop;
				PRODUCT_NAME = Workshop;
				SDKROOT = iphoneos;
				SWIFT_VERSION = 6.0;
				TARGETED_DEVICE_FAMILY = "1,2";
			};
			name = Release;
		};
		F25C6948AE4A9B415222D016 /* Release */ = {
			isa = XCBuildConfiguration;
			buildSettings = {
				ALWAYS_SEARCH_USER_PATHS = NO;
				CLANG_ANALYZER_NONNULL = YES;
				CLANG_ANALYZER_NUMBER_OBJECT_CONVERSION = YES_AGGRESSIVE;
				CLANG_CXX_LANGUAGE_STANDARD = "gnu++14";
				CLANG_CXX_LIBRARY = "libc++";
				CLANG_ENABLE_MODULES = YES;
				CLANG_ENABLE_OBJC_ARC = YES;
				CLANG_ENABLE_OBJC_WEAK = YES;
				CLANG_WARN_BLOCK_CAPTURE_AUTORELEASING = YES;
				CLANG_WARN_BOOL_CONVERSION = YES;
				CLANG_WARN_COMMA = YES;
				CLANG_WARN_CONSTANT_CONVERSION = YES;
				CLANG_WARN_DEPRECATED_OBJC_IMPLEMENTATIONS = YES;
				CLANG_WARN_DIRECT_OBJC_ISA_USAGE = YES_ERROR;
				CLANG_WARN_DOCUMENTATION_COMMENTS = YES;
				CLANG_WARN_EMPTY_BODY = YES;
				CLANG_WARN_ENUM_CONVERSION = YES;
				CLANG_WARN_INFINITE_RECURSION = YES;
				CLANG_WARN_INT_CONVERSION = YES;
				CLANG_WARN_NON_LITERAL_NULL_CONVERSION = YES;
				CLANG_WARN_OBJC_IMPLICIT_RETAIN_SELF = YES;
				CLANG_WARN_OBJC_LITERAL_CONVERSION = YES;
				CLANG_WARN_OBJC_ROOT_CLASS = YES_ERROR;
				CLANG_WARN_QUOTED_INCLUDE_IN_FRAMEWORK_HEADER = YES;
				CLANG_WARN_RANGE_LOOP_ANALYSIS = YES;
				CLANG_WARN_STRICT_PROTOTYPES = YES;
				CLANG_WARN_SUSPICIOUS_MOVE = YES;
				CLANG_WARN_UNGUARDED_AVAILABILITY = YES_AGGRESSIVE;
				CLANG_WARN_UNREACHABLE_CODE = YES;
				CLANG_WARN__DUPLICATE_METHOD_MATCH = YES;
				COPY_PHASE_STRIP = NO;
				DEBUG_INFORMATION_FORMAT = "dwarf-with-dsym";
				ENABLE_NS_ASSERTIONS = NO;
				ENABLE_STRICT_OBJC_MSGSEND = YES;
				GCC_C_LANGUAGE_STANDARD = gnu11;
				GCC_NO_COMMON_BLOCKS = YES;
				GCC_WARN_64_TO_32_BIT_CONVERSION = YES;
				GCC_WARN_ABOUT_RETURN_TYPE = YES_ERROR;
				GCC_WARN_UNDECLARED_SELECTOR = YES;
				GCC_WARN_UNINITIALIZED_AUTOS = YES_AGGRESSIVE;
				GCC_WARN_UNUSED_FUNCTION = YES;
				GCC_WARN_UNUSED_VARIABLE = YES;
				IPHONEOS_DEPLOYMENT_TARGET = 17.0;
				MTL_ENABLE_DEBUG_INFO = NO;
				MTL_FAST_MATH = YES;
				PRODUCT_NAME = "$(TARGET_NAME)";
				SDKROOT = iphoneos;
				SWIFT_COMPILATION_MODE = wholemodule;
				SWIFT_OPTIMIZATION_LEVEL = "-O";
				SWIFT_VERSION = 5.0;
			};
			name = Release;
		};
/* End XCBuildConfiguration section */

/* Begin XCConfigurationList section */
		0057FB1EBFEE1F3DC86B7D14 /* Build configuration list for PBXNativeTarget "Workshop" */ = {
			isa = XCConfigurationList;
			buildConfigurations = (
				07E454EAB594A5729A922873 /* Debug */,
				CC8D7D1EE55D8D25502FFB1B /* Release */,
			);
			defaultConfigurationIsVisible = 0;
			defaultConfigurationName = Debug;
		};
		A29D20FD085E86C647B17349 /* Build configuration list for PBXProject "Workshop" */ = {
			isa = XCConfigurationList;
			buildConfigurations = (
				6C1D9147164661BF4A9ADA38 /* Debug */,
				F25C6948AE4A9B415222D016 /* Release */,
			);
			defaultConfigurationIsVisible = 0;
			defaultConfigurationName = Debug;
		};
/* End XCConfigurationList section */

/* Begin XCLocalSwiftPackageReference section */
		801627758FB9BBC41B0894D1 /* XCLocalSwiftPackageReference "../NintekKit" */ = {
			isa = XCLocalSwiftPackageReference;
			relativePath = ../NintekKit;
		};
/* End XCLocalSwiftPackageReference section */

/* Begin XCRemoteSwiftPackageReference section */
		39372E0BA146F5E41F2C10F0 /* XCRemoteSwiftPackageReference "microsoft-authentication-library-for-objc" */ = {
			isa = XCRemoteSwiftPackageReference;
			repositoryURL = "https://github.com/AzureAD/microsoft-authentication-library-for-objc";
			requirement = {
				kind = upToNextMajorVersion;
				minimumVersion = 1.5.0;
			};
		};
/* End XCRemoteSwiftPackageReference section */

/* Begin XCSwiftPackageProductDependency section */
		8CA77F591CC948B68AD9F1B1 /* NintekKit */ = {
			isa = XCSwiftPackageProductDependency;
			productName = NintekKit;
		};
		C3230F2228F4DBCC175B8B36 /* MSAL */ = {
			isa = XCSwiftPackageProductDependency;
			package = 39372E0BA146F5E41F2C10F0 /* XCRemoteSwiftPackageReference "microsoft-authentication-library-for-objc" */;
			productName = MSAL;
		};
/* End XCSwiftPackageProductDependency section */
	};
	rootObject = D9218788749F82EBA97C0A42 /* Project object */;
}
